// !$*UTF8*$!
{
	archiveVersion = 1;
	classes = {
	};
	objectVersion = 56;
	objects = {

/* Begin PBXBuildFile section */
		860C8217299FD25200A67C14 /* AppDelegate.swift in Sources */ = {isa = PBXBuildFile; fileRef = 860C8216299FD25200A67C14 /* AppDelegate.swift */; };
		860C8219299FD25200A67C14 /* SceneDelegate.swift in Sources */ = {isa = PBXBuildFile; fileRef = 860C8218299FD25200A67C14 /* SceneDelegate.swift */; };
		860C821B299FD25200A67C14 /* NetShoppingViewController.swift in Sources */ = {isa = PBXBuildFile; fileRef = 860C821A299FD25200A67C14 /* NetShoppingViewController.swift */; };
		860C8220299FD25300A67C14 /* Assets.xcassets in Resources */ = {isa = PBXBuildFile; fileRef = 860C821F299FD25300A67C14 /* Assets.xcassets */; };
		860C8223299FD25300A67C14 /* LaunchScreen.storyboard in Resources */ = {isa = PBXBuildFile; fileRef = 860C8221299FD25300A67C14 /* LaunchScreen.storyboard */; };
		860C822B299FD44400A67C14 /* NetShoppingCell.swift in Sources */ = {isa = PBXBuildFile; fileRef = 860C822A299FD44400A67C14 /* NetShoppingCell.swift */; };
		865805572A126BA100E285AD /* CouponCell.swift in Sources */ = {isa = PBXBuildFile; fileRef = 865805562A126BA100E285AD /* CouponCell.swift */; };
		865805592A13556F00E285AD /* Coupon.swift in Sources */ = {isa = PBXBuildFile; fileRef = 865805582A13556F00E285AD /* Coupon.swift */; };
		8669F5AE29E2DFFD002B9921 /* MainTabBarController.swift in Sources */ = {isa = PBXBuildFile; fileRef = 8669F5AD29E2DFFD002B9921 /* MainTabBarController.swift */; };
		8669F5B029E2E04D002B9921 /* FavoritesViewController.swift in Sources */ = {isa = PBXBuildFile; fileRef = 8669F5AF29E2E04D002B9921 /* FavoritesViewController.swift */; };
		8669F5B229E82AAA002B9921 /* FavoritesViewModel.swift in Sources */ = {isa = PBXBuildFile; fileRef = 8669F5B129E82AAA002B9921 /* FavoritesViewModel.swift */; };
		8669F5B429E98031002B9921 /* FavoritesCell.swift in Sources */ = {isa = PBXBuildFile; fileRef = 8669F5B329E98031002B9921 /* FavoritesCell.swift */; };
		86DE793C29A4F6F300D47DCF /* NetShoppingViewModel.swift in Sources */ = {isa = PBXBuildFile; fileRef = 86DE793B29A4F6F300D47DCF /* NetShoppingViewModel.swift */; };
		86DE793E29A4FBD100D47DCF /* WebViewController.swift in Sources */ = {isa = PBXBuildFile; fileRef = 86DE793D29A4FBD100D47DCF /* WebViewController.swift */; };
		86DE794629B0ECCD00D47DCF /* Product.swift in Sources */ = {isa = PBXBuildFile; fileRef = 86DE794529B0ECCD00D47DCF /* Product.swift */; };
		86DE794D29B4750500D47DCF /* RakutenProductRepository.swift in Sources */ = {isa = PBXBuildFile; fileRef = 86DE794C29B4750500D47DCF /* RakutenProductRepository.swift */; };
		86DE794F29B477FF00D47DCF /* ProductRepository.swift in Sources */ = {isa = PBXBuildFile; fileRef = 86DE794E29B477FF00D47DCF /* ProductRepository.swift */; };
		86DE795329B4C9FB00D47DCF /* RakutenAPIError.swift in Sources */ = {isa = PBXBuildFile; fileRef = 86DE795229B4C9FB00D47DCF /* RakutenAPIError.swift */; };
		86DE795629B9FDC400D47DCF /* UIImage+Addition.swift in Sources */ = {isa = PBXBuildFile; fileRef = 86DE795529B9FDC400D47DCF /* UIImage+Addition.swift */; };
		86DE795829BA0C0B00D47DCF /* RakutenAPIClient.swift in Sources */ = {isa = PBXBuildFile; fileRef = 86DE795729BA0C0B00D47DCF /* RakutenAPIClient.swift */; };
		86DE795A29BF94C100D47DCF /* RakutenAPIRequest.swift in Sources */ = {isa = PBXBuildFile; fileRef = 86DE795929BF94C100D47DCF /* RakutenAPIRequest.swift */; };
		86DE795C29D331F500D47DCF /* FavoriteProductRepository.swift in Sources */ = {isa = PBXBuildFile; fileRef = 86DE795B29D331F500D47DCF /* FavoriteProductRepository.swift */; };
		86DE795E29D332E400D47DCF /* CoreDataFavoriteProductRepository.swift in Sources */ = {isa = PBXBuildFile; fileRef = 86DE795D29D332E400D47DCF /* CoreDataFavoriteProductRepository.swift */; };
		86DE798429D96D1300D47DCF /* DataModel.xcdatamodeld in Sources */ = {isa = PBXBuildFile; fileRef = 86DE798229D96D1300D47DCF /* DataModel.xcdatamodeld */; };
		86DE798629D98FCC00D47DCF /* NSPersistentCloudKitContainer.swift in Sources */ = {isa = PBXBuildFile; fileRef = 86DE798529D98FCC00D47DCF /* NSPersistentCloudKitContainer.swift */; };
		8750999829A22B84001D8FBE /* SpacerView.swift in Sources */ = {isa = PBXBuildFile; fileRef = 8750999729A22B84001D8FBE /* SpacerView.swift */; };
/* End PBXBuildFile section */

/* Begin PBXFileReference section */
		860C8213299FD25200A67C14 /* RakutenSearch.app */ = {isa = PBXFileReference; explicitFileType = wrapper.application; includeInIndex = 0; path = RakutenSearch.app; sourceTree = BUILT_PRODUCTS_DIR; };
		860C8216299FD25200A67C14 /* AppDelegate.swift */ = {isa = PBXFileReference; lastKnownFileType = sourcecode.swift; path = AppDelegate.swift; sourceTree = "<group>"; };
		860C8218299FD25200A67C14 /* SceneDelegate.swift */ = {isa = PBXFileReference; lastKnownFileType = sourcecode.swift; path = SceneDelegate.swift; sourceTree = "<group>"; };
		860C821A299FD25200A67C14 /* NetShoppingViewController.swift */ = {isa = PBXFileReference; lastKnownFileType = sourcecode.swift; path = NetShoppingViewController.swift; sourceTree = "<group>"; };
		860C821F299FD25300A67C14 /* Assets.xcassets */ = {isa = PBXFileReference; lastKnownFileType = folder.assetcatalog; path = Assets.xcassets; sourceTree = "<group>"; };
		860C8222299FD25300A67C14 /* Base */ = {isa = PBXFileReference; lastKnownFileType = file.storyboard; name = Base; path = Base.lproj/LaunchScreen.storyboard; sourceTree = "<group>"; };
		860C8224299FD25300A67C14 /* Info.plist */ = {isa = PBXFileReference; lastKnownFileType = text.plist.xml; path = Info.plist; sourceTree = "<group>"; };
		860C822A299FD44400A67C14 /* NetShoppingCell.swift */ = {isa = PBXFileReference; lastKnownFileType = sourcecode.swift; path = NetShoppingCell.swift; sourceTree = "<group>"; };
		865805562A126BA100E285AD /* CouponCell.swift */ = {isa = PBXFileReference; lastKnownFileType = sourcecode.swift; path = CouponCell.swift; sourceTree = "<group>"; };
		865805582A13556F00E285AD /* Coupon.swift */ = {isa = PBXFileReference; lastKnownFileType = sourcecode.swift; path = Coupon.swift; sourceTree = "<group>"; };
		8669F5AD29E2DFFD002B9921 /* MainTabBarController.swift */ = {isa = PBXFileReference; lastKnownFileType = sourcecode.swift; path = MainTabBarController.swift; sourceTree = "<group>"; };
		8669F5AF29E2E04D002B9921 /* FavoritesViewController.swift */ = {isa = PBXFileReference; lastKnownFileType = sourcecode.swift; path = FavoritesViewController.swift; sourceTree = "<group>"; };
		8669F5B129E82AAA002B9921 /* FavoritesViewModel.swift */ = {isa = PBXFileReference; lastKnownFileType = sourcecode.swift; path = FavoritesViewModel.swift; sourceTree = "<group>"; };
		8669F5B329E98031002B9921 /* FavoritesCell.swift */ = {isa = PBXFileReference; lastKnownFileType = sourcecode.swift; path = FavoritesCell.swift; sourceTree = "<group>"; };
		86DE793B29A4F6F300D47DCF /* NetShoppingViewModel.swift */ = {isa = PBXFileReference; lastKnownFileType = sourcecode.swift; path = NetShoppingViewModel.swift; sourceTree = "<group>"; };
		86DE793D29A4FBD100D47DCF /* WebViewController.swift */ = {isa = PBXFileReference; lastKnownFileType = sourcecode.swift; path = WebViewController.swift; sourceTree = "<group>"; };
		86DE794529B0ECCD00D47DCF /* Product.swift */ = {isa = PBXFileReference; lastKnownFileType = sourcecode.swift; path = Product.swift; sourceTree = "<group>"; };
		86DE794C29B4750500D47DCF /* RakutenProductRepository.swift */ = {isa = PBXFileReference; lastKnownFileType = sourcecode.swift; path = RakutenProductRepository.swift; sourceTree = "<group>"; };
		86DE794E29B477FF00D47DCF /* ProductRepository.swift */ = {isa = PBXFileReference; lastKnownFileType = sourcecode.swift; path = ProductRepository.swift; sourceTree = "<group>"; };
		86DE795229B4C9FB00D47DCF /* RakutenAPIError.swift */ = {isa = PBXFileReference; lastKnownFileType = sourcecode.swift; path = RakutenAPIError.swift; sourceTree = "<group>"; };
		86DE795529B9FDC400D47DCF /* UIImage+Addition.swift */ = {isa = PBXFileReference; lastKnownFileType = sourcecode.swift; path = "UIImage+Addition.swift"; sourceTree = "<group>"; };
		86DE795729BA0C0B00D47DCF /* RakutenAPIClient.swift */ = {isa = PBXFileReference; lastKnownFileType = sourcecode.swift; path = RakutenAPIClient.swift; sourceTree = "<group>"; };
		86DE795929BF94C100D47DCF /* RakutenAPIRequest.swift */ = {isa = PBXFileReference; lastKnownFileType = sourcecode.swift; path = RakutenAPIRequest.swift; sourceTree = "<group>"; };
		86DE795B29D331F500D47DCF /* FavoriteProductRepository.swift */ = {isa = PBXFileReference; lastKnownFileType = sourcecode.swift; path = FavoriteProductRepository.swift; sourceTree = "<group>"; };
		86DE795D29D332E400D47DCF /* CoreDataFavoriteProductRepository.swift */ = {isa = PBXFileReference; lastKnownFileType = sourcecode.swift; path = CoreDataFavoriteProductRepository.swift; sourceTree = "<group>"; };
		86DE798329D96D1300D47DCF /* DataModel.xcdatamodel */ = {isa = PBXFileReference; lastKnownFileType = wrapper.xcdatamodel; path = DataModel.xcdatamodel; sourceTree = "<group>"; };
		86DE798529D98FCC00D47DCF /* NSPersistentCloudKitContainer.swift */ = {isa = PBXFileReference; lastKnownFileType = sourcecode.swift; path = NSPersistentCloudKitContainer.swift; sourceTree = "<group>"; };
		8750999729A22B84001D8FBE /* SpacerView.swift */ = {isa = PBXFileReference; lastKnownFileType = sourcecode.swift; path = SpacerView.swift; sourceTree = "<group>"; };
/* End PBXFileReference section */

/* Begin PBXFrameworksBuildPhase section */
		860C8210299FD25200A67C14 /* Frameworks */ = {
			isa = PBXFrameworksBuildPhase;
			buildActionMask = 2147483647;
			files = (
			);
			runOnlyForDeploymentPostprocessing = 0;
		};
/* End PBXFrameworksBuildPhase section */

/* Begin PBXGroup section */
		860C820A299FD25200A67C14 = {
			isa = PBXGroup;
			children = (
				860C8215299FD25200A67C14 /* RakutenSearch */,
				860C8214299FD25200A67C14 /* Products */,
			);
			sourceTree = "<group>";
		};
		860C8214299FD25200A67C14 /* Products */ = {
			isa = PBXGroup;
			children = (
				860C8213299FD25200A67C14 /* RakutenSearch.app */,
			);
			name = Products;
			sourceTree = "<group>";
		};
		860C8215299FD25200A67C14 /* RakutenSearch */ = {
			isa = PBXGroup;
			children = (
				8669F5AC29E13F47002B9921 /* Common */,
				860C822C299FD56C00A67C14 /* AppDelegate */,
				86DE794929B4737F00D47DCF /* Presentation */,
				86DE794A29B473D600D47DCF /* Domain */,
				86DE794B29B4746F00D47DCF /* Infra */,
				860C8221299FD25300A67C14 /* LaunchScreen.storyboard */,
				860C8224299FD25300A67C14 /* Info.plist */,
				860C821F299FD25300A67C14 /* Assets.xcassets */,
			);
			path = RakutenSearch;
			sourceTree = "<group>";
		};
		860C822C299FD56C00A67C14 /* AppDelegate */ = {
			isa = PBXGroup;
			children = (
				860C8218299FD25200A67C14 /* SceneDelegate.swift */,
				860C8216299FD25200A67C14 /* AppDelegate.swift */,
			);
			path = AppDelegate;
			sourceTree = "<group>";
		};
		860C822D299FD58C00A67C14 /* View */ = {
			isa = PBXGroup;
			children = (
				86DE795429B9FD8D00D47DCF /* Extension */,
				8750999629A22B59001D8FBE /* Components */,
				860C822A299FD44400A67C14 /* NetShoppingCell.swift */,
				8669F5B329E98031002B9921 /* FavoritesCell.swift */,
				865805562A126BA100E285AD /* CouponCell.swift */,
				860C821A299FD25200A67C14 /* NetShoppingViewController.swift */,
				86DE793D29A4FBD100D47DCF /* WebViewController.swift */,
				8669F5AD29E2DFFD002B9921 /* MainTabBarController.swift */,
				8669F5AF29E2E04D002B9921 /* FavoritesViewController.swift */,
			);
			path = View;
			sourceTree = "<group>";
		};
		8669F5AC29E13F47002B9921 /* Common */ = {
			isa = PBXGroup;
			children = (
			);
			path = Common;
			sourceTree = "<group>";
		};
		86DE793929A4F0B900D47DCF /* ViewModel */ = {
			isa = PBXGroup;
			children = (
				86DE793B29A4F6F300D47DCF /* NetShoppingViewModel.swift */,
				8669F5B129E82AAA002B9921 /* FavoritesViewModel.swift */,
			);
			path = ViewModel;
			sourceTree = "<group>";
		};
		86DE793F29B0E83D00D47DCF /* Repository */ = {
			isa = PBXGroup;
			children = (
				86DE794E29B477FF00D47DCF /* ProductRepository.swift */,
				86DE795B29D331F500D47DCF /* FavoriteProductRepository.swift */,
			);
			path = Repository;
			sourceTree = "<group>";
		};
		86DE794429B0ECB700D47DCF /* Entity */ = {
			isa = PBXGroup;
			children = (
				86DE798229D96D1300D47DCF /* DataModel.xcdatamodeld */,
				86DE794529B0ECCD00D47DCF /* Product.swift */,
				865805582A13556F00E285AD /* Coupon.swift */,
			);
			path = Entity;
			sourceTree = "<group>";
		};
		86DE794929B4737F00D47DCF /* Presentation */ = {
			isa = PBXGroup;
			children = (
				860C822D299FD58C00A67C14 /* View */,
				86DE793929A4F0B900D47DCF /* ViewModel */,
			);
			path = Presentation;
			sourceTree = "<group>";
		};
		86DE794A29B473D600D47DCF /* Domain */ = {
			isa = PBXGroup;
			children = (
				86DE794429B0ECB700D47DCF /* Entity */,
				86DE793F29B0E83D00D47DCF /* Repository */,
			);
			path = Domain;
			sourceTree = "<group>";
		};
		86DE794B29B4746F00D47DCF /* Infra */ = {
			isa = PBXGroup;
			children = (
				86DE794C29B4750500D47DCF /* RakutenProductRepository.swift */,
				86DE795D29D332E400D47DCF /* CoreDataFavoriteProductRepository.swift */,
				86DE795229B4C9FB00D47DCF /* RakutenAPIError.swift */,
				86DE795729BA0C0B00D47DCF /* RakutenAPIClient.swift */,
				86DE795929BF94C100D47DCF /* RakutenAPIRequest.swift */,
			);
			path = Infra;
			sourceTree = "<group>";
		};
		86DE795429B9FD8D00D47DCF /* Extension */ = {
			isa = PBXGroup;
			children = (
				86DE795529B9FDC400D47DCF /* UIImage+Addition.swift */,
				86DE798529D98FCC00D47DCF /* NSPersistentCloudKitContainer.swift */,
			);
			path = Extension;
			sourceTree = "<group>";
		};
		8750999629A22B59001D8FBE /* Components */ = {
			isa = PBXGroup;
			children = (
				8750999729A22B84001D8FBE /* SpacerView.swift */,
			);
			path = Components;
			sourceTree = "<group>";
		};
/* End PBXGroup section */

/* Begin PBXNativeTarget section */
		860C8212299FD25200A67C14 /* RakutenSearch */ = {
			isa = PBXNativeTarget;
			buildConfigurationList = 860C8227299FD25300A67C14 /* Build configuration list for PBXNativeTarget "RakutenSearch" */;
			buildPhases = (
				860C820F299FD25200A67C14 /* Sources */,
				860C8210299FD25200A67C14 /* Frameworks */,
				860C8211299FD25200A67C14 /* Resources */,
			);
			buildRules = (
			);
			dependencies = (
			);
			name = RakutenSearch;
			productName = RakutenSearch;
			productReference = 860C8213299FD25200A67C14 /* RakutenSearch.app */;
			productType = "com.apple.product-type.application";
		};
/* End PBXNativeTarget section */

/* Begin PBXProject section */
		860C820B299FD25200A67C14 /* Project object */ = {
			isa = PBXProject;
			attributes = {
				BuildIndependentTargetsInParallel = 1;
				LastSwiftUpdateCheck = 1420;
				LastUpgradeCheck = 1420;
				TargetAttributes = {
					860C8212299FD25200A67C14 = {
						CreatedOnToolsVersion = 14.2;
					};
				};
			};
			buildConfigurationList = 860C820E299FD25200A67C14 /* Build configuration list for PBXProject "RakutenSearch" */;
			compatibilityVersion = "Xcode 14.0";
			developmentRegion = en;
			hasScannedForEncodings = 0;
			knownRegions = (
				en,
				Base,
			);
			mainGroup = 860C820A299FD25200A67C14;
			productRefGroup = 860C8214299FD25200A67C14 /* Products */;
			projectDirPath = "";
			projectRoot = "";
			targets = (
				860C8212299FD25200A67C14 /* RakutenSearch */,
			);
		};
/* End PBXProject section */

/* Begin PBXResourcesBuildPhase section */
		860C8211299FD25200A67C14 /* Resources */ = {
			isa = PBXResourcesBuildPhase;
			buildActionMask = 2147483647;
			files = (
				860C8223299FD25300A67C14 /* LaunchScreen.storyboard in Resources */,
				860C8220299FD25300A67C14 /* Assets.xcassets in Resources */,
			);
			runOnlyForDeploymentPostprocessing = 0;
		};
/* End PBXResourcesBuildPhase section */

/* Begin PBXSourcesBuildPhase section */
		860C820F299FD25200A67C14 /* Sources */ = {
			isa = PBXSourcesBuildPhase;
			buildActionMask = 2147483647;
			files = (
				86DE795C29D331F500D47DCF /* FavoriteProductRepository.swift in Sources */,
				86DE795A29BF94C100D47DCF /* RakutenAPIRequest.swift in Sources */,
				86DE795829BA0C0B00D47DCF /* RakutenAPIClient.swift in Sources */,
				865805592A13556F00E285AD /* Coupon.swift in Sources */,
				860C821B299FD25200A67C14 /* NetShoppingViewController.swift in Sources */,
				86DE798429D96D1300D47DCF /* DataModel.xcdatamodeld in Sources */,
				865805572A126BA100E285AD /* CouponCell.swift in Sources */,
				860C822B299FD44400A67C14 /* NetShoppingCell.swift in Sources */,
				860C8217299FD25200A67C14 /* AppDelegate.swift in Sources */,
				86DE795E29D332E400D47DCF /* CoreDataFavoriteProductRepository.swift in Sources */,
				86DE795629B9FDC400D47DCF /* UIImage+Addition.swift in Sources */,
				8750999829A22B84001D8FBE /* SpacerView.swift in Sources */,
				86DE793E29A4FBD100D47DCF /* WebViewController.swift in Sources */,
				8669F5B429E98031002B9921 /* FavoritesCell.swift in Sources */,
				86DE794629B0ECCD00D47DCF /* Product.swift in Sources */,
				86DE793C29A4F6F300D47DCF /* NetShoppingViewModel.swift in Sources */,
				8669F5AE29E2DFFD002B9921 /* MainTabBarController.swift in Sources */,
				860C8219299FD25200A67C14 /* SceneDelegate.swift in Sources */,
				8669F5B229E82AAA002B9921 /* FavoritesViewModel.swift in Sources */,
				86DE794D29B4750500D47DCF /* RakutenProductRepository.swift in Sources */,
				86DE794F29B477FF00D47DCF /* ProductRepository.swift in Sources */,
				86DE798629D98FCC00D47DCF /* NSPersistentCloudKitContainer.swift in Sources */,
				8669F5B029E2E04D002B9921 /* FavoritesViewController.swift in Sources */,
				86DE795329B4C9FB00D47DCF /* RakutenAPIError.swift in Sources */,
			);
			runOnlyForDeploymentPostprocessing = 0;
		};
/* End PBXSourcesBuildPhase section */

/* Begin PBXVariantGroup section */
		860C8221299FD25300A67C14 /* LaunchScreen.storyboard */ = {
			isa = PBXVariantGroup;
			children = (
				860C8222299FD25300A67C14 /* Base */,
			);
			name = LaunchScreen.storyboard;
			sourceTree = "<group>";
		};
/* End PBXVariantGroup section */

/* Begin XCBuildConfiguration section */
		860C8225299FD25300A67C14 /* Debug */ = {
			isa = XCBuildConfiguration;
			buildSettings = {
				ALWAYS_SEARCH_USER_PATHS = NO;
				CLANG_ANALYZER_NONNULL = YES;
				CLANG_ANALYZER_NUMBER_OBJECT_CONVERSION = YES_AGGRESSIVE;
				CLANG_CXX_LANGUAGE_STANDARD = "gnu++20";
				CLANG_ENABLE_MODULES = YES;
				CLANG_ENABLE_OBJC_ARC = YES;
				CLANG_ENABLE_OBJC_WEAK = YES;
				CLANG_WARN_BLOCK_CAPTURE_AUTORELEASING = YES;
				CLANG_WARN_BOOL_CONVERSION = YES;
				CLANG_WARN_COMMA = YES;
				CLANG_WARN_CONSTANT_CONVERSION = YES;
				CLANG_WARN_DEPRECATED_OBJC_IMPLEMENTATIONS = YES;
				CLANG_WARN_DIRECT_OBJC_ISA_USAGE = YES_ERROR;
				CLANG_WARN_DOCUMENTATION_COMMENTS = YES;
				CLANG_WARN_EMPTY_BODY = YES;
				CLANG_WARN_ENUM_CONVERSION = YES;
				CLANG_WARN_INFINITE_RECURSION = YES;
				CLANG_WARN_INT_CONVERSION = YES;
				CLANG_WARN_NON_LITERAL_NULL_CONVERSION = YES;
				CLANG_WARN_OBJC_IMPLICIT_RETAIN_SELF = YES;
				CLANG_WARN_OBJC_LITERAL_CONVERSION = YES;
				CLANG_WARN_OBJC_ROOT_CLASS = YES_ERROR;
				CLANG_WARN_QUOTED_INCLUDE_IN_FRAMEWORK_HEADER = YES;
				CLANG_WARN_RANGE_LOOP_ANALYSIS = YES;
				CLANG_WARN_STRICT_PROTOTYPES = YES;
				CLANG_WARN_SUSPICIOUS_MOVE = YES;
				CLANG_WARN_UNGUARDED_AVAILABILITY = YES_AGGRESSIVE;
				CLANG_WARN_UNREACHABLE_CODE = YES;
				CLANG_WARN__DUPLICATE_METHOD_MATCH = YES;
				COPY_PHASE_STRIP = NO;
				DEBUG_INFORMATION_FORMAT = dwarf;
				ENABLE_STRICT_OBJC_MSGSEND = YES;
				ENABLE_TESTABILITY = YES;
				GCC_C_LANGUAGE_STANDARD = gnu11;
				GCC_DYNAMIC_NO_PIC = NO;
				GCC_NO_COMMON_BLOCKS = YES;
				GCC_OPTIMIZATION_LEVEL = 0;
				GCC_PREPROCESSOR_DEFINITIONS = (
					"DEBUG=1",
					"$(inherited)",
				);
				GCC_WARN_64_TO_32_BIT_CONVERSION = YES;
				GCC_WARN_ABOUT_RETURN_TYPE = YES_ERROR;
				GCC_WARN_UNDECLARED_SELECTOR = YES;
				GCC_WARN_UNINITIALIZED_AUTOS = YES_AGGRESSIVE;
				GCC_WARN_UNUSED_FUNCTION = YES;
				GCC_WARN_UNUSED_VARIABLE = YES;
				IPHONEOS_DEPLOYMENT_TARGET = 16.2;
				MTL_ENABLE_DEBUG_INFO = INCLUDE_SOURCE;
				MTL_FAST_MATH = YES;
				ONLY_ACTIVE_ARCH = YES;
				SDKROOT = iphoneos;
				SWIFT_ACTIVE_COMPILATION_CONDITIONS = DEBUG;
				SWIFT_OPTIMIZATION_LEVEL = "-Onone";
			};
			name = Debug;
		};
		860C8226299FD25300A67C14 /* Release */ = {
			isa = XCBuildConfiguration;
			buildSettings = {
				ALWAYS_SEARCH_USER_PATHS = NO;
				CLANG_ANALYZER_NONNULL = YES;
				CLANG_ANALYZER_NUMBER_OBJECT_CONVERSION = YES_AGGRESSIVE;
				CLANG_CXX_LANGUAGE_STANDARD = "gnu++20";
				CLANG_ENABLE_MODULES = YES;
				CLANG_ENABLE_OBJC_ARC = YES;
				CLANG_ENABLE_OBJC_WEAK = YES;
				CLANG_WARN_BLOCK_CAPTURE_AUTORELEASING = YES;
				CLANG_WARN_BOOL_CONVERSION = YES;
				CLANG_WARN_COMMA = YES;
				CLANG_WARN_CONSTANT_CONVERSION = YES;
				CLANG_WARN_DEPRECATED_OBJC_IMPLEMENTATIONS = YES;
				CLANG_WARN_DIRECT_OBJC_ISA_USAGE = YES_ERROR;
				CLANG_WARN_DOCUMENTATION_COMMENTS = YES;
				CLANG_WARN_EMPTY_BODY = YES;
				CLANG_WARN_ENUM_CONVERSION = YES;
				CLANG_WARN_INFINITE_RECURSION = YES;
				CLANG_WARN_INT_CONVERSION = YES;
				CLANG_WARN_NON_LITERAL_NULL_CONVERSION = YES;
				CLANG_WARN_OBJC_IMPLICIT_RETAIN_SELF = YES;
				CLANG_WARN_OBJC_LITERAL_CONVERSION = YES;
				CLANG_WARN_OBJC_ROOT_CLASS = YES_ERROR;
				CLANG_WARN_QUOTED_INCLUDE_IN_FRAMEWORK_HEADER = YES;
				CLANG_WARN_RANGE_LOOP_ANALYSIS = YES;
				CLANG_WARN_STRICT_PROTOTYPES = YES;
				CLANG_WARN_SUSPICIOUS_MOVE = YES;
				CLANG_WARN_UNGUARDED_AVAILABILITY = YES_AGGRESSIVE;
				CLANG_WARN_UNREACHABLE_CODE = YES;
				CLANG_WARN__DUPLICATE_METHOD_MATCH = YES;
				COPY_PHASE_STRIP = NO;
				DEBUG_INFORMATION_FORMAT = "dwarf-with-dsym";
				ENABLE_NS_ASSERTIONS = NO;
				ENABLE_STRICT_OBJC_MSGSEND = YES;
				GCC_C_LANGUAGE_STANDARD = gnu11;
				GCC_NO_COMMON_BLOCKS = YES;
				GCC_WARN_64_TO_32_BIT_CONVERSION = YES;
				GCC_WARN_ABOUT_RETURN_TYPE = YES_ERROR;
				GCC_WARN_UNDECLARED_SELECTOR = YES;
				GCC_WARN_UNINITIALIZED_AUTOS = YES_AGGRESSIVE;
				GCC_WARN_UNUSED_FUNCTION = YES;
				GCC_WARN_UNUSED_VARIABLE = YES;
				IPHONEOS_DEPLOYMENT_TARGET = 16.2;
				MTL_ENABLE_DEBUG_INFO = NO;
				MTL_FAST_MATH = YES;
				SDKROOT = iphoneos;
				SWIFT_COMPILATION_MODE = wholemodule;
				SWIFT_OPTIMIZATION_LEVEL = "-O";
				VALIDATE_PRODUCT = YES;
			};
			name = Release;
		};
		860C8228299FD25300A67C14 /* Debug */ = {
			isa = XCBuildConfiguration;
			buildSettings = {
				ASSETCATALOG_COMPILER_APPICON_NAME = AppIcon;
				ASSETCATALOG_COMPILER_GLOBAL_ACCENT_COLOR_NAME = AccentColor;
				CODE_SIGN_STYLE = Automatic;
				CURRENT_PROJECT_VERSION = 1;
				DEVELOPMENT_TEAM = CW4T64TJ3K;
				GENERATE_INFOPLIST_FILE = YES;
				INFOPLIST_FILE = RakutenSearch/Info.plist;
				INFOPLIST_KEY_UIApplicationSupportsIndirectInputEvents = YES;
				INFOPLIST_KEY_UILaunchStoryboardName = LaunchScreen;
				INFOPLIST_KEY_UIMainStoryboardFile = "";
				INFOPLIST_KEY_UISupportedInterfaceOrientations_iPad = "UIInterfaceOrientationPortrait UIInterfaceOrientationPortraitUpsideDown UIInterfaceOrientationLandscapeLeft UIInterfaceOrientationLandscapeRight";
				INFOPLIST_KEY_UISupportedInterfaceOrientations_iPhone = "UIInterfaceOrientationPortrait UIInterfaceOrientationLandscapeLeft UIInterfaceOrientationLandscapeRight";
				LD_RUNPATH_SEARCH_PATHS = (
					"$(inherited)",
					"@executable_path/Frameworks",
				);
				MARKETING_VERSION = 1.0;
				PRODUCT_BUNDLE_IDENTIFIER = com.daigoSwift.RakutenSearch;
				PRODUCT_NAME = "$(TARGET_NAME)";
				SWIFT_EMIT_LOC_STRINGS = YES;
				SWIFT_VERSION = 5.0;
				TARGETED_DEVICE_FAMILY = "1,2";
			};
			name = Debug;
		};
		860C8229299FD25300A67C14 /* Release */ = {
			isa = XCBuildConfiguration;
			buildSettings = {
				ASSETCATALOG_COMPILER_APPICON_NAME = AppIcon;
				ASSETCATALOG_COMPILER_GLOBAL_ACCENT_COLOR_NAME = AccentColor;
				CODE_SIGN_STYLE = Automatic;
				CURRENT_PROJECT_VERSION = 1;
				DEVELOPMENT_TEAM = CW4T64TJ3K;
				GENERATE_INFOPLIST_FILE = YES;
				INFOPLIST_FILE = RakutenSearch/Info.plist;
				INFOPLIST_KEY_UIApplicationSupportsIndirectInputEvents = YES;
				INFOPLIST_KEY_UILaunchStoryboardName = LaunchScreen;
				INFOPLIST_KEY_UIMainStoryboardFile = "";
				INFOPLIST_KEY_UISupportedInterfaceOrientations_iPad = "UIInterfaceOrientationPortrait UIInterfaceOrientationPortraitUpsideDown UIInterfaceOrientationLandscapeLeft UIInterfaceOrientationLandscapeRight";
				INFOPLIST_KEY_UISupportedInterfaceOrientations_iPhone = "UIInterfaceOrientationPortrait UIInterfaceOrientationLandscapeLeft UIInterfaceOrientationLandscapeRight";
				LD_RUNPATH_SEARCH_PATHS = (
					"$(inherited)",
					"@executable_path/Frameworks",
				);
				MARKETING_VERSION = 1.0;
				PRODUCT_BUNDLE_IDENTIFIER = com.daigoSwift.RakutenSearch;
				PRODUCT_NAME = "$(TARGET_NAME)";
				SWIFT_EMIT_LOC_STRINGS = YES;
				SWIFT_VERSION = 5.0;
				TARGETED_DEVICE_FAMILY = "1,2";
			};
			name = Release;
		};
/* End XCBuildConfiguration section */

/* Begin XCConfigurationList section */
		860C820E299FD25200A67C14 /* Build configuration list for PBXProject "RakutenSearch" */ = {
			isa = XCConfigurationList;
			buildConfigurations = (
				860C8225299FD25300A67C14 /* Debug */,
				860C8226299FD25300A67C14 /* Release */,
			);
			defaultConfigurationIsVisible = 0;
			defaultConfigurationName = Release;
		};
		860C8227299FD25300A67C14 /* Build configuration list for PBXNativeTarget "RakutenSearch" */ = {
			isa = XCConfigurationList;
			buildConfigurations = (
				860C8228299FD25300A67C14 /* Debug */,
				860C8229299FD25300A67C14 /* Release */,
			);
			defaultConfigurationIsVisible = 0;
			defaultConfigurationName = Release;
		};
/* End XCConfigurationList section */

/* Begin XCVersionGroup section */
		86DE798229D96D1300D47DCF /* DataModel.xcdatamodeld */ = {
			isa = XCVersionGroup;
			children = (
				86DE798329D96D1300D47DCF /* DataModel.xcdatamodel */,
			);
			currentVersion = 86DE798329D96D1300D47DCF /* DataModel.xcdatamodel */;
			path = DataModel.xcdatamodeld;
			sourceTree = "<group>";
			versionGroupType = wrapper.xcdatamodel;
		};
/* End XCVersionGroup section */
	};
	rootObject = 860C820B299FD25200A67C14 /* Project object */;
}
